{
  "name": "vibegraph-cli",
  "version": "0.1.1",
  "lockfileVersion": 3,
  "requires": true,
  "packages": {
    "": {
      "name": "vibegraph-cli",
      "version": "0.1.1",
      "license": "MIT",
      "bin": {
        "vibegraph": "bin/vibegraph.js",
        "vibegraph-cli": "bin/vibegraph.js"
      },
      "engines": {
        "node": ">=20.0.0"
      }
    }
  }
}
